
Microsoft Visual Studio Solution File, Format Version 12.00
# Visual Studio Version 17
VisualStudioVersion = 17.13.35931.197 d17.13
MinimumVisualStudioVersion = 10.0.40219.1
Project("{FAE04EC0-301F-11D3-BF4B-00C04F79EFBC}") = "EventManagementForms", "EventManagementForms.csproj", "{6177ACA6-DA1E-410D-A398-6E1BA6D54064}"
EndProject
Global
	GlobalSection(SolutionConfigurationPlatforms) = preSolution
		Debug|Any CPU = Debug|Any CPU
		Release|Any CPU = Release|Any CPU
	EndGlobalSection
	GlobalSection(ProjectConfigurationPlatforms) = postSolution
		{6177ACA6-DA1E-410D-A398-6E1BA6D54064}.Debug|Any CPU.ActiveCfg = Debug|Any CPU
		{6177ACA6-DA1E-410D-A398-6E1BA6D54064}.Debug|Any CPU.Build.0 = Debug|Any CPU
		{6177ACA6-DA1E-410D-A398-6E1BA6D54064}.Release|Any CPU.ActiveCfg = Release|Any CPU
		{6177ACA6-DA1E-410D-A398-6E1BA6D54064}.Release|Any CPU.Build.0 = Release|Any CPU
	EndGlobalSection
	GlobalSection(SolutionProperties) = preSolution
		HideSolutionNode = FALSE
	EndGlobalSection
	GlobalSection(ExtensibilityGlobals) = postSolution
		SolutionGuid = {56CF93C2-9FA8-4041-9B2B-49263FD4465A}
	EndGlobalSection
EndGlobal
